
Microsoft Visual Studio Solution File, Format Version 12.00
# Visual Studio 15
VisualStudioVersion = 15.0.27703.2026
MinimumVisualStudioVersion = 10.0.40219.1
Project("{888888A0-9F3D-457C-B088-3A5042F75D52}") = "NBA_analysis", "NBA_analysis\NBA_analysis.pyproj", "{7B777C5A-3734-4B89-BAE1-4ACAC8615685}"
EndProject
Global
	GlobalSection(SolutionConfigurationPlatforms) = preSolution
		Debug|Any CPU = Debug|Any CPU
		Release|Any CPU = Release|Any CPU
	EndGlobalSection
	GlobalSection(ProjectConfigurationPlatforms) = postSolution
		{7B777C5A-3734-4B89-BAE1-4ACAC8615685}.Debug|Any CPU.ActiveCfg = Debug|Any CPU
		{7B777C5A-3734-4B89-BAE1-4ACAC8615685}.Release|Any CPU.ActiveCfg = Release|Any CPU
	EndGlobalSection
	GlobalSection(SolutionProperties) = preSolution
		HideSolutionNode = FALSE
	EndGlobalSection
	GlobalSection(ExtensibilityGlobals) = postSolution
		SolutionGuid = {431290B7-06CB-4BDE-88FC-572E8B4EE151}
	EndGlobalSection
EndGlobal
